// !$*UTF8*$!
{
	archiveVersion = 1;
	classes = {
	};
	objectVersion = 50;
	objects = {

/* Begin PBXBuildFile section */
		FCFDE9F62601F3C80073F811 /* AppDelegate.swift in Sources */ = {isa = PBXBuildFile; fileRef = FCFDE9F52601F3C80073F811 /* AppDelegate.swift */; };
		FCFDE9F82601F3C80073F811 /* SceneDelegate.swift in Sources */ = {isa = PBXBuildFile; fileRef = FCFDE9F72601F3C80073F811 /* SceneDelegate.swift */; };
		FCFDE9FA2601F3C80073F811 /* ViewController.swift in Sources */ = {isa = PBXBuildFile; fileRef = FCFDE9F92601F3C80073F811 /* ViewController.swift */; };
		FCFDE9FD2601F3C80073F811 /* Main.storyboard in Resources */ = {isa = PBXBuildFile; fileRef = FCFDE9FB2601F3C80073F811 /* Main.storyboard */; };
		FCFDE9FF2601F3C90073F811 /* Assets.xcassets in Resources */ = {isa = PBXBuildFile; fileRef = FCFDE9FE2601F3C90073F811 /* Assets.xcassets */; };
		FCFDEA022601F3C90073F811 /* LaunchScreen.storyboard in Resources */ = {isa = PBXBuildFile; fileRef = FCFDEA002601F3C90073F811 /* LaunchScreen.storyboard */; };
		FCFDEA0D2601F3C90073F811 /* marmitonIosTests.swift in Sources */ = {isa = PBXBuildFile; fileRef = FCFDEA0C2601F3C90073F811 /* marmitonIosTests.swift */; };
		FCFDEA182601F3C90073F811 /* marmitonIosUITests.swift in Sources */ = {isa = PBXBuildFile; fileRef = FCFDEA172601F3C90073F811 /* marmitonIosUITests.swift */; };
/* End PBXBuildFile section */

/* Begin PBXContainerItemProxy section */
		FCFDEA092601F3C90073F811 /* PBXContainerItemProxy */ = {
			isa = PBXContainerItemProxy;
			containerPortal = FCFDE9EA2601F3C80073F811 /* Project object */;
			proxyType = 1;
			remoteGlobalIDString = FCFDE9F12601F3C80073F811;
			remoteInfo = marmitonIos;
		};
		FCFDEA142601F3C90073F811 /* PBXContainerItemProxy */ = {
			isa = PBXContainerItemProxy;
			containerPortal = FCFDE9EA2601F3C80073F811 /* Project object */;
			proxyType = 1;
			remoteGlobalIDString = FCFDE9F12601F3C80073F811;
			remoteInfo = marmitonIos;
		};
/* End PBXContainerItemProxy section */

/* Begin PBXFileReference section */
		FCFDE9F22601F3C80073F811 /* marmitonIos.app */ = {isa = PBXFileReference; explicitFileType = wrapper.application; includeInIndex = 0; path = marmitonIos.app; sourceTree = BUILT_PRODUCTS_DIR; };
		FCFDE9F52601F3C80073F811 /* AppDelegate.swift */ = {isa = PBXFileReference; lastKnownFileType = sourcecode.swift; path = AppDelegate.swift; sourceTree = "<group>"; };
		FCFDE9F72601F3C80073F811 /* SceneDelegate.swift */ = {isa = PBXFileReference; lastKnownFileType = sourcecode.swift; path = SceneDelegate.swift; sourceTree = "<group>"; };
		FCFDE9F92601F3C80073F811 /* ViewController.swift */ = {isa = PBXFileReference; lastKnownFileType = sourcecode.swift; path = ViewController.swift; sourceTree = "<group>"; };
		FCFDE9FC2601F3C80073F811 /* Base */ = {isa = PBXFileReference; lastKnownFileType = file.storyboard; name = Base; path = Base.lproj/Main.storyboard; sourceTree = "<group>"; };
		FCFDE9FE2601F3C90073F811 /* Assets.xcassets */ = {isa = PBXFileReference; lastKnownFileType = folder.assetcatalog; path = Assets.xcassets; sourceTree = "<group>"; };
		FCFDEA012601F3C90073F811 /* Base */ = {isa = PBXFileReference; lastKnownFileType = file.storyboard; name = Base; path = Base.lproj/LaunchScreen.storyboard; sourceTree = "<group>"; };
		FCFDEA032601F3C90073F811 /* Info.plist */ = {isa = PBXFileReference; lastKnownFileType = text.plist.xml; path = Info.plist; sourceTree = "<group>"; };
		FCFDEA082601F3C90073F811 /* marmitonIosTests.xctest */ = {isa = PBXFileReference; explicitFileType = wrapper.cfbundle; includeInIndex = 0; path = marmitonIosTests.xctest; sourceTree = BUILT_PRODUCTS_DIR; };
		FCFDEA0C2601F3C90073F811 /* marmitonIosTests.swift */ = {isa = PBXFileReference; lastKnownFileType = sourcecode.swift; path = marmitonIosTests.swift; sourceTree = "<group>"; };
		FCFDEA0E2601F3C90073F811 /* Info.plist */ = {isa = PBXFileReference; lastKnownFileType = text.plist.xml; path = Info.plist; sourceTree = "<group>"; };
		FCFDEA132601F3C90073F811 /* marmitonIosUITests.xctest */ = {isa = PBXFileReference; explicitFileType = wrapper.cfbundle; includeInIndex = 0; path = marmitonIosUITests.xctest; sourceTree = BUILT_PRODUCTS_DIR; };
		FCFDEA172601F3C90073F811 /* marmitonIosUITests.swift */ = {isa = PBXFileReference; lastKnownFileType = sourcecode.swift; path = marmitonIosUITests.swift; sourceTree = "<group>"; };
		FCFDEA192601F3C90073F811 /* Info.plist */ = {isa = PBXFileReference; lastKnownFileType = text.plist.xml; path = Info.plist; sourceTree = "<group>"; };
/* End PBXFileReference section */

/* Begin PBXFrameworksBuildPhase section */
		FCFDE9EF2601F3C80073F811 /* Frameworks */ = {
			isa = PBXFrameworksBuildPhase;
			buildActionMask = 2147483647;
			files = (
			);
			runOnlyForDeploymentPostprocessing = 0;
		};
		FCFDEA052601F3C90073F811 /* Frameworks */ = {
			isa = PBXFrameworksBuildPhase;
			buildActionMask = 2147483647;
			files = (
			);
			runOnlyForDeploymentPostprocessing = 0;
		};
		FCFDEA102601F3C90073F811 /* Frameworks */ = {
			isa = PBXFrameworksBuildPhase;
			buildActionMask = 2147483647;
			files = (
			);
			runOnlyForDeploymentPostprocessing = 0;
		};
/* End PBXFrameworksBuildPhase section */

/* Begin PBXGroup section */
		FCFDE9E92601F3C80073F811 = {
			isa = PBXGroup;
			children = (
				FCFDE9F42601F3C80073F811 /* marmitonIos */,
				FCFDEA0B2601F3C90073F811 /* marmitonIosTests */,
				FCFDEA162601F3C90073F811 /* marmitonIosUITests */,
				FCFDE9F32601F3C80073F811 /* Products */,
			);
			sourceTree = "<group>";
		};
		FCFDE9F32601F3C80073F811 /* Products */ = {
			isa = PBXGroup;
			children = (
				FCFDE9F22601F3C80073F811 /* marmitonIos.app */,
				FCFDEA082601F3C90073F811 /* marmitonIosTests.xctest */,
				FCFDEA132601F3C90073F811 /* marmitonIosUITests.xctest */,
			);
			name = Products;
			sourceTree = "<group>";
		};
		FCFDE9F42601F3C80073F811 /* marmitonIos */ = {
			isa = PBXGroup;
			children = (
				FCFDE9F52601F3C80073F811 /* AppDelegate.swift */,
				FCFDE9F72601F3C80073F811 /* SceneDelegate.swift */,
				FCFDE9F92601F3C80073F811 /* ViewController.swift */,
				FCFDE9FB2601F3C80073F811 /* Main.storyboard */,
				FCFDE9FE2601F3C90073F811 /* Assets.xcassets */,
				FCFDEA002601F3C90073F811 /* LaunchScreen.storyboard */,
				FCFDEA032601F3C90073F811 /* Info.plist */,
			);
			path = marmitonIos;
			sourceTree = "<group>";
		};
		FCFDEA0B2601F3C90073F811 /* marmitonIosTests */ = {
			isa = PBXGroup;
			children = (
				FCFDEA0C2601F3C90073F811 /* marmitonIosTests.swift */,
				FCFDEA0E2601F3C90073F811 /* Info.plist */,
			);
			path = marmitonIosTests;
			sourceTree = "<group>";
		};
		FCFDEA162601F3C90073F811 /* marmitonIosUITests */ = {
			isa = PBXGroup;
			children = (
				FCFDEA172601F3C90073F811 /* marmitonIosUITests.swift */,
				FCFDEA192601F3C90073F811 /* Info.plist */,
			);
			path = marmitonIosUITests;
			sourceTree = "<group>";
		};
/* End PBXGroup section */

/* Begin PBXNativeTarget section */
		FCFDE9F12601F3C80073F811 /* marmitonIos */ = {
			isa = PBXNativeTarget;
			buildConfigurationList = FCFDEA1C2601F3C90073F811 /* Build configuration list for PBXNativeTarget "marmitonIos" */;
			buildPhases = (
				FCFDE9EE2601F3C80073F811 /* Sources */,
				FCFDE9EF2601F3C80073F811 /* Frameworks */,
				FCFDE9F02601F3C80073F811 /* Resources */,
			);
			buildRules = (
			);
			dependencies = (
			);
			name = marmitonIos;
			productName = marmitonIos;
			productReference = FCFDE9F22601F3C80073F811 /* marmitonIos.app */;
			productType = "com.apple.product-type.application";
		};
		FCFDEA072601F3C90073F811 /* marmitonIosTests */ = {
			isa = PBXNativeTarget;
			buildConfigurationList = FCFDEA1F2601F3C90073F811 /* Build configuration list for PBXNativeTarget "marmitonIosTests" */;
			buildPhases = (
				FCFDEA042601F3C90073F811 /* Sources */,
				FCFDEA052601F3C90073F811 /* Frameworks */,
				FCFDEA062601F3C90073F811 /* Resources */,
			);
			buildRules = (
			);
			dependencies = (
				FCFDEA0A2601F3C90073F811 /* PBXTargetDependency */,
			);
			name = marmitonIosTests;
			productName = marmitonIosTests;
			productReference = FCFDEA082601F3C90073F811 /* marmitonIosTests.xctest */;
			productType = "com.apple.product-type.bundle.unit-test";
		};
		FCFDEA122601F3C90073F811 /* marmitonIosUITests */ = {
			isa = PBXNativeTarget;
			buildConfigurationList = FCFDEA222601F3C90073F811 /* Build configuration list for PBXNativeTarget "marmitonIosUITests" */;
			buildPhases = (
				FCFDEA0F2601F3C90073F811 /* Sources */,
				FCFDEA102601F3C90073F811 /* Frameworks */,
				FCFDEA112601F3C90073F811 /* Resources */,
			);
			buildRules = (
			);
			dependencies = (
				FCFDEA152601F3C90073F811 /* PBXTargetDependency */,
			);
			name = marmitonIosUITests;
			productName = marmitonIosUITests;
			productReference = FCFDEA132601F3C90073F811 /* marmitonIosUITests.xctest */;
			productType = "com.apple.product-type.bundle.ui-testing";
		};
/* End PBXNativeTarget section */

/* Begin PBXProject section */
		FCFDE9EA2601F3C80073F811 /* Project object */ = {
			isa = PBXProject;
			attributes = {
				LastSwiftUpdateCheck = 1240;
				LastUpgradeCheck = 1240;
				TargetAttributes = {
					FCFDE9F12601F3C80073F811 = {
						CreatedOnToolsVersion = 12.4;
					};
					FCFDEA072601F3C90073F811 = {
						CreatedOnToolsVersion = 12.4;
						TestTargetID = FCFDE9F12601F3C80073F811;
					};
					FCFDEA122601F3C90073F811 = {
						CreatedOnToolsVersion = 12.4;
						TestTargetID = FCFDE9F12601F3C80073F811;
					};
				};
			};
			buildConfigurationList = FCFDE9ED2601F3C80073F811 /* Build configuration list for PBXProject "marmitonIos" */;
			compatibilityVersion = "Xcode 9.3";
			developmentRegion = en;
			hasScannedForEncodings = 0;
			knownRegions = (
				en,
				Base,
			);
			mainGroup = FCFDE9E92601F3C80073F811;
			productRefGroup = FCFDE9F32601F3C80073F811 /* Products */;
			projectDirPath = "";
			projectRoot = "";
			targets = (
				FCFDE9F12601F3C80073F811 /* marmitonIos */,
				FCFDEA072601F3C90073F811 /* marmitonIosTests */,
				FCFDEA122601F3C90073F811 /* marmitonIosUITests */,
			);
		};
/* End PBXProject section */

/* Begin PBXResourcesBuildPhase section */
		FCFDE9F02601F3C80073F811 /* Resources */ = {
			isa = PBXResourcesBuildPhase;
			buildActionMask = 2147483647;
			files = (
				FCFDEA022601F3C90073F811 /* LaunchScreen.storyboard in Resources */,
				FCFDE9FF2601F3C90073F811 /* Assets.xcassets in Resources */,
				FCFDE9FD2601F3C80073F811 /* Main.storyboard in Resources */,
			);
			runOnlyForDeploymentPostprocessing = 0;
		};
		FCFDEA062601F3C90073F811 /* Resources */ = {
			isa = PBXResourcesBuildPhase;
			buildActionMask = 2147483647;
			files = (
			);
			runOnlyForDeploymentPostprocessing = 0;
		};
		FCFDEA112601F3C90073F811 /* Resources */ = {
			isa = PBXResourcesBuildPhase;
			buildActionMask = 2147483647;
			files = (
			);
			runOnlyForDeploymentPostprocessing = 0;
		};
/* End PBXResourcesBuildPhase section */

/* Begin PBXSourcesBuildPhase section */
		FCFDE9EE2601F3C80073F811 /* Sources */ = {
			isa = PBXSourcesBuildPhase;
			buildActionMask = 2147483647;
			files = (
				FCFDE9FA2601F3C80073F811 /* ViewController.swift in Sources */,
				FCFDE9F62601F3C80073F811 /* AppDelegate.swift in Sources */,
				FCFDE9F82601F3C80073F811 /* SceneDelegate.swift in Sources */,
			);
			runOnlyForDeploymentPostprocessing = 0;
		};
		FCFDEA042601F3C90073F811 /* Sources */ = {
			isa = PBXSourcesBuildPhase;
			buildActionMask = 2147483647;
			files = (
				FCFDEA0D2601F3C90073F811 /* marmitonIosTests.swift in Sources */,
			);
			runOnlyForDeploymentPostprocessing = 0;
		};
		FCFDEA0F2601F3C90073F811 /* Sources */ = {
			isa = PBXSourcesBuildPhase;
			buildActionMask = 2147483647;
			files = (
				FCFDEA182601F3C90073F811 /* marmitonIosUITests.swift in Sources */,
			);
			runOnlyForDeploymentPostprocessing = 0;
		};
/* End PBXSourcesBuildPhase section */

/* Begin PBXTargetDependency section */
		FCFDEA0A2601F3C90073F811 /* PBXTargetDependency */ = {
			isa = PBXTargetDependency;
			target = FCFDE9F12601F3C80073F811 /* marmitonIos */;
			targetProxy = FCFDEA092601F3C90073F811 /* PBXContainerItemProxy */;
		};
		FCFDEA152601F3C90073F811 /* PBXTargetDependency */ = {
			isa = PBXTargetDependency;
			target = FCFDE9F12601F3C80073F811 /* marmitonIos */;
			targetProxy = FCFDEA142601F3C90073F811 /* PBXContainerItemProxy */;
		};
/* End PBXTargetDependency section */

/* Begin PBXVariantGroup section */
		FCFDE9FB2601F3C80073F811 /* Main.storyboard */ = {
			isa = PBXVariantGroup;
			children = (
				FCFDE9FC2601F3C80073F811 /* Base */,
			);
			name = Main.storyboard;
			sourceTree = "<group>";
		};
		FCFDEA002601F3C90073F811 /* LaunchScreen.storyboard */ = {
			isa = PBXVariantGroup;
			children = (
				FCFDEA012601F3C90073F811 /* Base */,
			);
			name = LaunchScreen.storyboard;
			sourceTree = "<group>";
		};
/* End PBXVariantGroup section */

/* Begin XCBuildConfiguration section */
		FCFDEA1A2601F3C90073F811 /* Debug */ = {
			isa = XCBuildConfiguration;
			buildSettings = {
				ALWAYS_SEARCH_USER_PATHS = NO;
				CLANG_ANALYZER_NONNULL = YES;
				CLANG_ANALYZER_NUMBER_OBJECT_CONVERSION = YES_AGGRESSIVE;
				CLANG_CXX_LANGUAGE_STANDARD = "gnu++14";
				CLANG_CXX_LIBRARY = "libc++";
				CLANG_ENABLE_MODULES = YES;
				CLANG_ENABLE_OBJC_ARC = YES;
				CLANG_ENABLE_OBJC_WEAK = YES;
				CLANG_WARN_BLOCK_CAPTURE_AUTORELEASING = YES;
				CLANG_WARN_BOOL_CONVERSION = YES;
				CLANG_WARN_COMMA = YES;
				CLANG_WARN_CONSTANT_CONVERSION = YES;
				CLANG_WARN_DEPRECATED_OBJC_IMPLEMENTATIONS = YES;
				CLANG_WARN_DIRECT_OBJC_ISA_USAGE = YES_ERROR;
				CLANG_WARN_DOCUMENTATION_COMMENTS = YES;
				CLANG_WARN_EMPTY_BODY = YES;
				CLANG_WARN_ENUM_CONVERSION = YES;
				CLANG_WARN_INFINITE_RECURSION = YES;
				CLANG_WARN_INT_CONVERSION = YES;
				CLANG_WARN_NON_LITERAL_NULL_CONVERSION = YES;
				CLANG_WARN_OBJC_IMPLICIT_RETAIN_SELF = YES;
				CLANG_WARN_OBJC_LITERAL_CONVERSION = YES;
				CLANG_WARN_OBJC_ROOT_CLASS = YES_ERROR;
				CLANG_WARN_QUOTED_INCLUDE_IN_FRAMEWORK_HEADER = YES;
				CLANG_WARN_RANGE_LOOP_ANALYSIS = YES;
				CLANG_WARN_STRICT_PROTOTYPES = YES;
				CLANG_WARN_SUSPICIOUS_MOVE = YES;
				CLANG_WARN_UNGUARDED_AVAILABILITY = YES_AGGRESSIVE;
				CLANG_WARN_UNREACHABLE_CODE = YES;
				CLANG_WARN__DUPLICATE_METHOD_MATCH = YES;
				COPY_PHASE_STRIP = NO;
				DEBUG_INFORMATION_FORMAT = dwarf;
				ENABLE_STRICT_OBJC_MSGSEND = YES;
				ENABLE_TESTABILITY = YES;
				GCC_C_LANGUAGE_STANDARD = gnu11;
				GCC_DYNAMIC_NO_PIC = NO;
				GCC_NO_COMMON_BLOCKS = YES;
				GCC_OPTIMIZATION_LEVEL = 0;
				GCC_PREPROCESSOR_DEFINITIONS = (
					"DEBUG=1",
					"$(inherited)",
				);
				GCC_WARN_64_TO_32_BIT_CONVERSION = YES;
				GCC_WARN_ABOUT_RETURN_TYPE = YES_ERROR;
				GCC_WARN_UNDECLARED_SELECTOR = YES;
				GCC_WARN_UNINITIALIZED_AUTOS = YES_AGGRESSIVE;
				GCC_WARN_UNUSED_FUNCTION = YES;
				GCC_WARN_UNUSED_VARIABLE = YES;
				IPHONEOS_DEPLOYMENT_TARGET = 14.4;
				MTL_ENABLE_DEBUG_INFO = INCLUDE_SOURCE;
				MTL_FAST_MATH = YES;
				ONLY_ACTIVE_ARCH = YES;
				SDKROOT = iphoneos;
				SWIFT_ACTIVE_COMPILATION_CONDITIONS = DEBUG;
				SWIFT_OPTIMIZATION_LEVEL = "-Onone";
			};
			name = Debug;
		};
		FCFDEA1B2601F3C90073F811 /* Release */ = {
			isa = XCBuildConfiguration;
			buildSettings = {
				ALWAYS_SEARCH_USER_PATHS = NO;
				CLANG_ANALYZER_NONNULL = YES;
				CLANG_ANALYZER_NUMBER_OBJECT_CONVERSION = YES_AGGRESSIVE;
				CLANG_CXX_LANGUAGE_STANDARD = "gnu++14";
				CLANG_CXX_LIBRARY = "libc++";
				CLANG_ENABLE_MODULES = YES;
				CLANG_ENABLE_OBJC_ARC = YES;
				CLANG_ENABLE_OBJC_WEAK = YES;
				CLANG_WARN_BLOCK_CAPTURE_AUTORELEASING = YES;
				CLANG_WARN_BOOL_CONVERSION = YES;
				CLANG_WARN_COMMA = YES;
				CLANG_WARN_CONSTANT_CONVERSION = YES;
				CLANG_WARN_DEPRECATED_OBJC_IMPLEMENTATIONS = YES;
				CLANG_WARN_DIRECT_OBJC_ISA_USAGE = YES_ERROR;
				CLANG_WARN_DOCUMENTATION_COMMENTS = YES;
				CLANG_WARN_EMPTY_BODY = YES;
				CLANG_WARN_ENUM_CONVERSION = YES;
				CLANG_WARN_INFINITE_RECURSION = YES;
				CLANG_WARN_INT_CONVERSION = YES;
				CLANG_WARN_NON_LITERAL_NULL_CONVERSION = YES;
				CLANG_WARN_OBJC_IMPLICIT_RETAIN_SELF = YES;
				CLANG_WARN_OBJC_LITERAL_CONVERSION = YES;
				CLANG_WARN_OBJC_ROOT_CLASS = YES_ERROR;
				CLANG_WARN_QUOTED_INCLUDE_IN_FRAMEWORK_HEADER = YES;
				CLANG_WARN_RANGE_LOOP_ANALYSIS = YES;
				CLANG_WARN_STRICT_PROTOTYPES = YES;
				CLANG_WARN_SUSPICIOUS_MOVE = YES;
				CLANG_WARN_UNGUARDED_AVAILABILITY = YES_AGGRESSIVE;
				CLANG_WARN_UNREACHABLE_CODE = YES;
				CLANG_WARN__DUPLICATE_METHOD_MATCH = YES;
				COPY_PHASE_STRIP = NO;
				DEBUG_INFORMATION_FORMAT = "dwarf-with-dsym";
				ENABLE_NS_ASSERTIONS = NO;
				ENABLE_STRICT_OBJC_MSGSEND = YES;
				GCC_C_LANGUAGE_STANDARD = gnu11;
				GCC_NO_COMMON_BLOCKS = YES;
				GCC_WARN_64_TO_32_BIT_CONVERSION = YES;
				GCC_WARN_ABOUT_RETURN_TYPE = YES_ERROR;
				GCC_WARN_UNDECLARED_SELECTOR = YES;
				GCC_WARN_UNINITIALIZED_AUTOS = YES_AGGRESSIVE;
				GCC_WARN_UNUSED_FUNCTION = YES;
				GCC_WARN_UNUSED_VARIABLE = YES;
				IPHONEOS_DEPLOYMENT_TARGET = 14.4;
				MTL_ENABLE_DEBUG_INFO = NO;
				MTL_FAST_MATH = YES;
				SDKROOT = iphoneos;
				SWIFT_COMPILATION_MODE = wholemodule;
				SWIFT_OPTIMIZATION_LEVEL = "-O";
				VALIDATE_PRODUCT = YES;
			};
			name = Release;
		};
		FCFDEA1D2601F3C90073F811 /* Debug */ = {
			isa = XCBuildConfiguration;
			buildSettings = {
				ASSETCATALOG_COMPILER_APPICON_NAME = AppIcon;
				ASSETCATALOG_COMPILER_GLOBAL_ACCENT_COLOR_NAME = AccentColor;
				CODE_SIGN_STYLE = Automatic;
				INFOPLIST_FILE = marmitonIos/Info.plist;
				LD_RUNPATH_SEARCH_PATHS = (
					"$(inherited)",
					"@executable_path/Frameworks",
				);
				PRODUCT_BUNDLE_IDENTIFIER = com.androidcmieux.marmitonIos;
				PRODUCT_NAME = "$(TARGET_NAME)";
				SWIFT_VERSION = 5.0;
				TARGETED_DEVICE_FAMILY = "1,2";
			};
			name = Debug;
		};
		FCFDEA1E2601F3C90073F811 /* Release */ = {
			isa = XCBuildConfiguration;
			buildSettings = {
				ASSETCATALOG_COMPILER_APPICON_NAME = AppIcon;
				ASSETCATALOG_COMPILER_GLOBAL_ACCENT_COLOR_NAME = AccentColor;
				CODE_SIGN_STYLE = Automatic;
				INFOPLIST_FILE = marmitonIos/Info.plist;
				LD_RUNPATH_SEARCH_PATHS = (
					"$(inherited)",
					"@executable_path/Frameworks",
				);
				PRODUCT_BUNDLE_IDENTIFIER = com.androidcmieux.marmitonIos;
				PRODUCT_NAME = "$(TARGET_NAME)";
				SWIFT_VERSION = 5.0;
				TARGETED_DEVICE_FAMILY = "1,2";
			};
			name = Release;
		};
		FCFDEA202601F3C90073F811 /* Debug */ = {
			isa = XCBuildConfiguration;
			buildSettings = {
				ALWAYS_EMBED_SWIFT_STANDARD_LIBRARIES = YES;
				BUNDLE_LOADER = "$(TEST_HOST)";
				CODE_SIGN_STYLE = Automatic;
				INFOPLIST_FILE = marmitonIosTests/Info.plist;
				IPHONEOS_DEPLOYMENT_TARGET = 14.4;
				LD_RUNPATH_SEARCH_PATHS = (
					"$(inherited)",
					"@executable_path/Frameworks",
					"@loader_path/Frameworks",
				);
				PRODUCT_BUNDLE_IDENTIFIER = com.androidcmieux.marmitonIosTests;
				PRODUCT_NAME = "$(TARGET_NAME)";
				SWIFT_VERSION = 5.0;
				TARGETED_DEVICE_FAMILY = "1,2";
				TEST_HOST = "$(BUILT_PRODUCTS_DIR)/marmitonIos.app/marmitonIos";
			};
			name = Debug;
		};
		FCFDEA212601F3C90073F811 /* Release */ = {
			isa = XCBuildConfiguration;
			buildSettings = {
				ALWAYS_EMBED_SWIFT_STANDARD_LIBRARIES = YES;
				BUNDLE_LOADER = "$(TEST_HOST)";
				CODE_SIGN_STYLE = Automatic;
				INFOPLIST_FILE = marmitonIosTests/Info.plist;
				IPHONEOS_DEPLOYMENT_TARGET = 14.4;
				LD_RUNPATH_SEARCH_PATHS = (
					"$(inherited)",
					"@executable_path/Frameworks",
					"@loader_path/Frameworks",
				);
				PRODUCT_BUNDLE_IDENTIFIER = com.androidcmieux.marmitonIosTests;
				PRODUCT_NAME = "$(TARGET_NAME)";
				SWIFT_VERSION = 5.0;
				TARGETED_DEVICE_FAMILY = "1,2";
				TEST_HOST = "$(BUILT_PRODUCTS_DIR)/marmitonIos.app/marmitonIos";
			};
			name = Release;
		};
		FCFDEA232601F3C90073F811 /* Debug */ = {
			isa = XCBuildConfiguration;
			buildSettings = {
				ALWAYS_EMBED_SWIFT_STANDARD_LIBRARIES = YES;
				CODE_SIGN_STYLE = Automatic;
				INFOPLIST_FILE = marmitonIosUITests/Info.plist;
				LD_RUNPATH_SEARCH_PATHS = (
					"$(inherited)",
					"@executable_path/Frameworks",
					"@loader_path/Frameworks",
				);
				PRODUCT_BUNDLE_IDENTIFIER = com.androidcmieux.marmitonIosUITests;
				PRODUCT_NAME = "$(TARGET_NAME)";
				SWIFT_VERSION = 5.0;
				TARGETED_DEVICE_FAMILY = "1,2";
				TEST_TARGET_NAME = marmitonIos;
			};
			name = Debug;
		};
		FCFDEA242601F3C90073F811 /* Release */ = {
			isa = XCBuildConfiguration;
			buildSettings = {
				ALWAYS_EMBED_SWIFT_STANDARD_LIBRARIES = YES;
				CODE_SIGN_STYLE = Automatic;
				INFOPLIST_FILE = marmitonIosUITests/Info.plist;
				LD_RUNPATH_SEARCH_PATHS = (
					"$(inherited)",
					"@executable_path/Frameworks",
					"@loader_path/Frameworks",
				);
				PRODUCT_BUNDLE_IDENTIFIER = com.androidcmieux.marmitonIosUITests;
				PRODUCT_NAME = "$(TARGET_NAME)";
				SWIFT_VERSION = 5.0;
				TARGETED_DEVICE_FAMILY = "1,2";
				TEST_TARGET_NAME = marmitonIos;
			};
			name = Release;
		};
/* End XCBuildConfiguration section */

/* Begin XCConfigurationList section */
		FCFDE9ED2601F3C80073F811 /* Build configuration list for PBXProject "marmitonIos" */ = {
			isa = XCConfigurationList;
			buildConfigurations = (
				FCFDEA1A2601F3C90073F811 /* Debug */,
				FCFDEA1B2601F3C90073F811 /* Release */,
			);
			defaultConfigurationIsVisible = 0;
			defaultConfigurationName = Release;
		};
		FCFDEA1C2601F3C90073F811 /* Build configuration list for PBXNativeTarget "marmitonIos" */ = {
			isa = XCConfigurationList;
			buildConfigurations = (
				FCFDEA1D2601F3C90073F811 /* Debug */,
				FCFDEA1E2601F3C90073F811 /* Release */,
			);
			defaultConfigurationIsVisible = 0;
			defaultConfigurationName = Release;
		};
		FCFDEA1F2601F3C90073F811 /* Build configuration list for PBXNativeTarget "marmitonIosTests" */ = {
			isa = XCConfigurationList;
			buildConfigurations = (
				FCFDEA202601F3C90073F811 /* Debug */,
				FCFDEA212601F3C90073F811 /* Release */,
			);
			defaultConfigurationIsVisible = 0;
			defaultConfigurationName = Release;
		};
		FCFDEA222601F3C90073F811 /* Build configuration list for PBXNativeTarget "marmitonIosUITests" */ = {
			isa = XCConfigurationList;
			buildConfigurations = (
				FCFDEA232601F3C90073F811 /* Debug */,
				FCFDEA242601F3C90073F811 /* Release */,
			);
			defaultConfigurationIsVisible = 0;
			defaultConfigurationName = Release;
		};
/* End XCConfigurationList section */
	};
	rootObject = FCFDE9EA2601F3C80073F811 /* Project object */;
}
